
Microsoft Visual Studio Solution File, Format Version 12.00
# Visual Studio Version 17
VisualStudioVersion = 17.9.34902.65
MinimumVisualStudioVersion = 10.0.40219.1
Project("{9A19103F-16F7-4668-BE54-9A1E7A4F7556}") = "task1", "task1\task1.csproj", "{F57813BB-66E6-45EB-A442-C1F217028D62}"
EndProject
Project("{9A19103F-16F7-4668-BE54-9A1E7A4F7556}") = "Task2", "Task2\Task2.csproj", "{F31A0DA6-9BE9-49C8-9F27-5259090B7589}"
EndProject
Project("{9A19103F-16F7-4668-BE54-9A1E7A4F7556}") = "task3", "task3\task3.csproj", "{05A7026D-A2D1-46CE-B57E-E0EB683E9890}"
EndProject
Project("{9A19103F-16F7-4668-BE54-9A1E7A4F7556}") = "task4", "task4\task4.csproj", "{788E4384-E04F-4F58-9D35-C4FEC191BF42}"
EndProject
Project("{9A19103F-16F7-4668-BE54-9A1E7A4F7556}") = "task5", "task5\task5.csproj", "{93F8D65E-8D9B-41B6-89B9-4AA742BDC2E0}"
EndProject
Project("{9A19103F-16F7-4668-BE54-9A1E7A4F7556}") = "task6", "task6\task6.csproj", "{64BBD97E-C72C-4538-B71C-D5F115DB83E1}"
EndProject
Project("{9A19103F-16F7-4668-BE54-9A1E7A4F7556}") = "task7", "task7\task7.csproj", "{30FC7A35-5748-4872-BC5D-6DC532ECA7F0}"
EndProject
Project("{9A19103F-16F7-4668-BE54-9A1E7A4F7556}") = "task8", "task8\task8.csproj", "{9E68F553-7C9C-4FBA-B664-C95E0D4A075C}"
EndProject
Project("{9A19103F-16F7-4668-BE54-9A1E7A4F7556}") = "task9", "task9\task9.csproj", "{4941B6E8-CC26-4EC9-8F4E-70E01F8B86C0}"
EndProject
Project("{9A19103F-16F7-4668-BE54-9A1E7A4F7556}") = "task10", "task10\task10.csproj", "{DA11E902-9CC0-4E8D-A6D4-08ADEEBB7938}"
EndProject
Project("{9A19103F-16F7-4668-BE54-9A1E7A4F7556}") = "task11", "task11\task11.csproj", "{A4F806DA-2CBA-4171-9EFC-C09A2A4B33F0}"
EndProject
Project("{9A19103F-16F7-4668-BE54-9A1E7A4F7556}") = "task12", "task12\task12.csproj", "{8C386068-4567-4B2A-8653-66DAAB22A8AF}"
EndProject
Project("{9A19103F-16F7-4668-BE54-9A1E7A4F7556}") = "task13", "task13\task13.csproj", "{9EF4FBFE-6E1D-4DA1-85D5-33231E62AE99}"
EndProject
Global
	GlobalSection(SolutionConfigurationPlatforms) = preSolution
		Debug|Any CPU = Debug|Any CPU
		Release|Any CPU = Release|Any CPU
	EndGlobalSection
	GlobalSection(ProjectConfigurationPlatforms) = postSolution
		{F57813BB-66E6-45EB-A442-C1F217028D62}.Debug|Any CPU.ActiveCfg = Debug|Any CPU
		{F57813BB-66E6-45EB-A442-C1F217028D62}.Debug|Any CPU.Build.0 = Debug|Any CPU
		{F57813BB-66E6-45EB-A442-C1F217028D62}.Release|Any CPU.ActiveCfg = Release|Any CPU
		{F57813BB-66E6-45EB-A442-C1F217028D62}.Release|Any CPU.Build.0 = Release|Any CPU
		{F31A0DA6-9BE9-49C8-9F27-5259090B7589}.Debug|Any CPU.ActiveCfg = Debug|Any CPU
		{F31A0DA6-9BE9-49C8-9F27-5259090B7589}.Debug|Any CPU.Build.0 = Debug|Any CPU
		{F31A0DA6-9BE9-49C8-9F27-5259090B7589}.Release|Any CPU.ActiveCfg = Release|Any CPU
		{F31A0DA6-9BE9-49C8-9F27-5259090B7589}.Release|Any CPU.Build.0 = Release|Any CPU
		{05A7026D-A2D1-46CE-B57E-E0EB683E9890}.Debug|Any CPU.ActiveCfg = Debug|Any CPU
		{05A7026D-A2D1-46CE-B57E-E0EB683E9890}.Debug|Any CPU.Build.0 = Debug|Any CPU
		{05A7026D-A2D1-46CE-B57E-E0EB683E9890}.Release|Any CPU.ActiveCfg = Release|Any CPU
		{05A7026D-A2D1-46CE-B57E-E0EB683E9890}.Release|Any CPU.Build.0 = Release|Any CPU
		{788E4384-E04F-4F58-9D35-C4FEC191BF42}.Debug|Any CPU.ActiveCfg = Debug|Any CPU
		{788E4384-E04F-4F58-9D35-C4FEC191BF42}.Debug|Any CPU.Build.0 = Debug|Any CPU
		{788E4384-E04F-4F58-9D35-C4FEC191BF42}.Release|Any CPU.ActiveCfg = Release|Any CPU
		{788E4384-E04F-4F58-9D35-C4FEC191BF42}.Release|Any CPU.Build.0 = Release|Any CPU
		{93F8D65E-8D9B-41B6-89B9-4AA742BDC2E0}.Debug|Any CPU.ActiveCfg = Debug|Any CPU
		{93F8D65E-8D9B-41B6-89B9-4AA742BDC2E0}.Debug|Any CPU.Build.0 = Debug|Any CPU
		{93F8D65E-8D9B-41B6-89B9-4AA742BDC2E0}.Release|Any CPU.ActiveCfg = Release|Any CPU
		{93F8D65E-8D9B-41B6-89B9-4AA742BDC2E0}.Release|Any CPU.Build.0 = Release|Any CPU
		{64BBD97E-C72C-4538-B71C-D5F115DB83E1}.Debug|Any CPU.ActiveCfg = Debug|Any CPU
		{64BBD97E-C72C-4538-B71C-D5F115DB83E1}.Debug|Any CPU.Build.0 = Debug|Any CPU
		{64BBD97E-C72C-4538-B71C-D5F115DB83E1}.Release|Any CPU.ActiveCfg = Release|Any CPU
		{64BBD97E-C72C-4538-B71C-D5F115DB83E1}.Release|Any CPU.Build.0 = Release|Any CPU
		{30FC7A35-5748-4872-BC5D-6DC532ECA7F0}.Debug|Any CPU.ActiveCfg = Debug|Any CPU
		{30FC7A35-5748-4872-BC5D-6DC532ECA7F0}.Debug|Any CPU.Build.0 = Debug|Any CPU
		{30FC7A35-5748-4872-BC5D-6DC532ECA7F0}.Release|Any CPU.ActiveCfg = Release|Any CPU
		{30FC7A35-5748-4872-BC5D-6DC532ECA7F0}.Release|Any CPU.Build.0 = Release|Any CPU
		{9E68F553-7C9C-4FBA-B664-C95E0D4A075C}.Debug|Any CPU.ActiveCfg = Debug|Any CPU
		{9E68F553-7C9C-4FBA-B664-C95E0D4A075C}.Debug|Any CPU.Build.0 = Debug|Any CPU
		{9E68F553-7C9C-4FBA-B664-C95E0D4A075C}.Release|Any CPU.ActiveCfg = Release|Any CPU
		{9E68F553-7C9C-4FBA-B664-C95E0D4A075C}.Release|Any CPU.Build.0 = Release|Any CPU
		{4941B6E8-CC26-4EC9-8F4E-70E01F8B86C0}.Debug|Any CPU.ActiveCfg = Debug|Any CPU
		{4941B6E8-CC26-4EC9-8F4E-70E01F8B86C0}.Debug|Any CPU.Build.0 = Debug|Any CPU
		{4941B6E8-CC26-4EC9-8F4E-70E01F8B86C0}.Release|Any CPU.ActiveCfg = Release|Any CPU
		{4941B6E8-CC26-4EC9-8F4E-70E01F8B86C0}.Release|Any CPU.Build.0 = Release|Any CPU
		{DA11E902-9CC0-4E8D-A6D4-08ADEEBB7938}.Debug|Any CPU.ActiveCfg = Debug|Any CPU
		{DA11E902-9CC0-4E8D-A6D4-08ADEEBB7938}.Debug|Any CPU.Build.0 = Debug|Any CPU
		{DA11E902-9CC0-4E8D-A6D4-08ADEEBB7938}.Release|Any CPU.ActiveCfg = Release|Any CPU
		{DA11E902-9CC0-4E8D-A6D4-08ADEEBB7938}.Release|Any CPU.Build.0 = Release|Any CPU
		{A4F806DA-2CBA-4171-9EFC-C09A2A4B33F0}.Debug|Any CPU.ActiveCfg = Debug|Any CPU
		{A4F806DA-2CBA-4171-9EFC-C09A2A4B33F0}.Debug|Any CPU.Build.0 = Debug|Any CPU
		{A4F806DA-2CBA-4171-9EFC-C09A2A4B33F0}.Release|Any CPU.ActiveCfg = Release|Any CPU
		{A4F806DA-2CBA-4171-9EFC-C09A2A4B33F0}.Release|Any CPU.Build.0 = Release|Any CPU
		{8C386068-4567-4B2A-8653-66DAAB22A8AF}.Debug|Any CPU.ActiveCfg = Debug|Any CPU
		{8C386068-4567-4B2A-8653-66DAAB22A8AF}.Debug|Any CPU.Build.0 = Debug|Any CPU
		{8C386068-4567-4B2A-8653-66DAAB22A8AF}.Release|Any CPU.ActiveCfg = Release|Any CPU
		{8C386068-4567-4B2A-8653-66DAAB22A8AF}.Release|Any CPU.Build.0 = Release|Any CPU
		{9EF4FBFE-6E1D-4DA1-85D5-33231E62AE99}.Debug|Any CPU.ActiveCfg = Debug|Any CPU
		{9EF4FBFE-6E1D-4DA1-85D5-33231E62AE99}.Debug|Any CPU.Build.0 = Debug|Any CPU
		{9EF4FBFE-6E1D-4DA1-85D5-33231E62AE99}.Release|Any CPU.ActiveCfg = Release|Any CPU
		{9EF4FBFE-6E1D-4DA1-85D5-33231E62AE99}.Release|Any CPU.Build.0 = Release|Any CPU
	EndGlobalSection
	GlobalSection(SolutionProperties) = preSolution
		HideSolutionNode = FALSE
	EndGlobalSection
	GlobalSection(ExtensibilityGlobals) = postSolution
		SolutionGuid = {E8316AF0-D151-4A2D-B7A8-A3D48542AB32}
	EndGlobalSection
EndGlobal
